
Microsoft Visual Studio Solution File, Format Version 12.00
# Visual Studio Version 16
VisualStudioVersion = 16.0.30907.101
MinimumVisualStudioVersion = 10.0.40219.1
Project("{2150E333-8FDC-42A3-9474-1A3956D46DE8}") = "src", "src", "{3835D18C-19B8-4020-B5D0-4C367F9E0FD6}"
EndProject
Project("{2150E333-8FDC-42A3-9474-1A3956D46DE8}") = "Core", "Core", "{499852CE-F079-454D-93EF-A6570D5641DC}"
EndProject
Project("{2150E333-8FDC-42A3-9474-1A3956D46DE8}") = "Infraestructure", "Infraestructure", "{028234FD-F490-4A0B-BEAC-29170897E07E}"
EndProject
Project("{2150E333-8FDC-42A3-9474-1A3956D46DE8}") = "Presentation", "Presentation", "{5D724389-4435-430B-BC37-99C74786607C}"
EndProject
Project("{FAE04EC0-301F-11D3-BF4B-00C04F79EFBC}") = "Application", "Application\Application.csproj", "{845D2121-D042-4500-9E2F-F92605642B01}"
EndProject
Project("{FAE04EC0-301F-11D3-BF4B-00C04F79EFBC}") = "Domain", "Domain\Domain.csproj", "{3C5877C2-C215-459E-94E0-C38D868319D5}"
EndProject
Project("{FAE04EC0-301F-11D3-BF4B-00C04F79EFBC}") = "Persistence", "Persistence\Persistence.csproj", "{7A4D5358-AF82-47C1-A570-2DED8F282EA5}"
EndProject
Project("{FAE04EC0-301F-11D3-BF4B-00C04F79EFBC}") = "Shared", "Shared\Shared.csproj", "{9C2FD250-6231-4BD6-8794-1884C7CBDB92}"
EndProject
Project("{FAE04EC0-301F-11D3-BF4B-00C04F79EFBC}") = "WebAPI", "WebAPI\WebAPI.csproj", "{F6B6EA44-1C03-4A66-8B36-230911CD0E2A}"
EndProject
Global
	GlobalSection(SolutionConfigurationPlatforms) = preSolution
		Debug|Any CPU = Debug|Any CPU
		Release|Any CPU = Release|Any CPU
	EndGlobalSection
	GlobalSection(ProjectConfigurationPlatforms) = postSolution
		{845D2121-D042-4500-9E2F-F92605642B01}.Debug|Any CPU.ActiveCfg = Debug|Any CPU
		{845D2121-D042-4500-9E2F-F92605642B01}.Debug|Any CPU.Build.0 = Debug|Any CPU
		{845D2121-D042-4500-9E2F-F92605642B01}.Release|Any CPU.ActiveCfg = Release|Any CPU
		{845D2121-D042-4500-9E2F-F92605642B01}.Release|Any CPU.Build.0 = Release|Any CPU
		{3C5877C2-C215-459E-94E0-C38D868319D5}.Debug|Any CPU.ActiveCfg = Debug|Any CPU
		{3C5877C2-C215-459E-94E0-C38D868319D5}.Debug|Any CPU.Build.0 = Debug|Any CPU
		{3C5877C2-C215-459E-94E0-C38D868319D5}.Release|Any CPU.ActiveCfg = Release|Any CPU
		{3C5877C2-C215-459E-94E0-C38D868319D5}.Release|Any CPU.Build.0 = Release|Any CPU
		{7A4D5358-AF82-47C1-A570-2DED8F282EA5}.Debug|Any CPU.ActiveCfg = Debug|Any CPU
		{7A4D5358-AF82-47C1-A570-2DED8F282EA5}.Debug|Any CPU.Build.0 = Debug|Any CPU
		{7A4D5358-AF82-47C1-A570-2DED8F282EA5}.Release|Any CPU.ActiveCfg = Release|Any CPU
		{7A4D5358-AF82-47C1-A570-2DED8F282EA5}.Release|Any CPU.Build.0 = Release|Any CPU
		{9C2FD250-6231-4BD6-8794-1884C7CBDB92}.Debug|Any CPU.ActiveCfg = Debug|Any CPU
		{9C2FD250-6231-4BD6-8794-1884C7CBDB92}.Debug|Any CPU.Build.0 = Debug|Any CPU
		{9C2FD250-6231-4BD6-8794-1884C7CBDB92}.Release|Any CPU.ActiveCfg = Release|Any CPU
		{9C2FD250-6231-4BD6-8794-1884C7CBDB92}.Release|Any CPU.Build.0 = Release|Any CPU
		{F6B6EA44-1C03-4A66-8B36-230911CD0E2A}.Debug|Any CPU.ActiveCfg = Debug|Any CPU
		{F6B6EA44-1C03-4A66-8B36-230911CD0E2A}.Debug|Any CPU.Build.0 = Debug|Any CPU
		{F6B6EA44-1C03-4A66-8B36-230911CD0E2A}.Release|Any CPU.ActiveCfg = Release|Any CPU
		{F6B6EA44-1C03-4A66-8B36-230911CD0E2A}.Release|Any CPU.Build.0 = Release|Any CPU
	EndGlobalSection
	GlobalSection(SolutionProperties) = preSolution
		HideSolutionNode = FALSE
	EndGlobalSection
	GlobalSection(NestedProjects) = preSolution
		{499852CE-F079-454D-93EF-A6570D5641DC} = {3835D18C-19B8-4020-B5D0-4C367F9E0FD6}
		{028234FD-F490-4A0B-BEAC-29170897E07E} = {3835D18C-19B8-4020-B5D0-4C367F9E0FD6}
		{5D724389-4435-430B-BC37-99C74786607C} = {3835D18C-19B8-4020-B5D0-4C367F9E0FD6}
		{845D2121-D042-4500-9E2F-F92605642B01} = {499852CE-F079-454D-93EF-A6570D5641DC}
		{3C5877C2-C215-459E-94E0-C38D868319D5} = {499852CE-F079-454D-93EF-A6570D5641DC}
		{7A4D5358-AF82-47C1-A570-2DED8F282EA5} = {028234FD-F490-4A0B-BEAC-29170897E07E}
		{9C2FD250-6231-4BD6-8794-1884C7CBDB92} = {028234FD-F490-4A0B-BEAC-29170897E07E}
		{F6B6EA44-1C03-4A66-8B36-230911CD0E2A} = {5D724389-4435-430B-BC37-99C74786607C}
	EndGlobalSection
	GlobalSection(ExtensibilityGlobals) = postSolution
		SolutionGuid = {52ABBAF4-BF10-4499-A551-A8B372307D88}
	EndGlobalSection
EndGlobal
